
Microsoft Visual Studio Solution File, Format Version 12.00
# Visual Studio 2012
Project("{FAE04EC0-301F-11D3-BF4B-00C04F79EFBC}") = "NDesk.Options", "NDesk.Options.csproj", "{AC97DE02-56E4-4613-99C5-E153A0EF0CEC}"
EndProject
Global
	GlobalSection(SolutionConfigurationPlatforms) = preSolution
		Debug|Any CPU = Debug|Any CPU
		Release|Any CPU = Release|Any CPU
	EndGlobalSection
	GlobalSection(ProjectConfigurationPlatforms) = postSolution
		{AC97DE02-56E4-4613-99C5-E153A0EF0CEC}.Debug|Any CPU.ActiveCfg = Debug|Any CPU
		{AC97DE02-56E4-4613-99C5-E153A0EF0CEC}.Debug|Any CPU.Build.0 = Debug|Any CPU
		{AC97DE02-56E4-4613-99C5-E153A0EF0CEC}.Release|Any CPU.ActiveCfg = Release|Any CPU
		{AC97DE02-56E4-4613-99C5-E153A0EF0CEC}.Release|Any CPU.Build.0 = Release|Any CPU
	EndGlobalSection
	GlobalSection(SolutionProperties) = preSolution
		HideSolutionNode = FALSE
	EndGlobalSection
EndGlobal
